
Microsoft Visual Studio Solution File, Format Version 12.00
# Visual Studio Version 16
VisualStudioVersion = 16.0.32106.194
MinimumVisualStudioVersion = 10.0.40219.1
Project("{FAE04EC0-301F-11D3-BF4B-00C04F79EFBC}") = "MyInventory", "MyInventory.csproj", "{58FDC732-4495-4A95-BE16-822EC99E1572}"
EndProject
Global
	GlobalSection(SolutionConfigurationPlatforms) = preSolution
		Debug|Any CPU = Debug|Any CPU
		Release|Any CPU = Release|Any CPU
	EndGlobalSection
	GlobalSection(ProjectConfigurationPlatforms) = postSolution
		{58FDC732-4495-4A95-BE16-822EC99E1572}.Debug|Any CPU.ActiveCfg = Debug|Any CPU
		{58FDC732-4495-4A95-BE16-822EC99E1572}.Debug|Any CPU.Build.0 = Debug|Any CPU
		{58FDC732-4495-4A95-BE16-822EC99E1572}.Release|Any CPU.ActiveCfg = Release|Any CPU
		{58FDC732-4495-4A95-BE16-822EC99E1572}.Release|Any CPU.Build.0 = Release|Any CPU
	EndGlobalSection
	GlobalSection(SolutionProperties) = preSolution
		HideSolutionNode = FALSE
	EndGlobalSection
	GlobalSection(ExtensibilityGlobals) = postSolution
		SolutionGuid = {E14F3BB4-ACDC-4DD6-9DBB-2303063C5DFD}
	EndGlobalSection
EndGlobal
